
Microsoft Visual Studio Solution File, Format Version 12.00
# Visual Studio Version 16
VisualStudioVersion = 16.0.29920.165
MinimumVisualStudioVersion = 10.0.40219.1
Project("{9A19103F-16F7-4668-BE54-9A1E7A4F7556}") = "SystematicsPortal.Web", "SystematicsPortal.Web\SystematicsPortal.Web.csproj", "{1D855A40-D01E-4A61-B3C7-9FEE82277C1D}"
EndProject
Project("{9A19103F-16F7-4668-BE54-9A1E7A4F7556}") = "SystematicsData.Search", "SystematicsData.Search\SystematicsData.Search.csproj", "{EDC96F5A-FFED-4B81-9672-610CF2FD96F6}"
EndProject
Project("{9A19103F-16F7-4668-BE54-9A1E7A4F7556}") = "SystematicsData.Search.Tools", "SystematicsData.Search.Tools\SystematicsData.Search.Tools.csproj", "{F963483A-A1A8-4634-BEB9-A17779CB5062}"
EndProject
Project("{9A19103F-16F7-4668-BE54-9A1E7A4F7556}") = "SystematicsData.Web.Api", "SystematicsData.Web.Api\SystematicsData.Web.Api.csproj", "{3A70D786-422D-4F98-AF98-87A60CB887EB}"
EndProject
Project("{9A19103F-16F7-4668-BE54-9A1E7A4F7556}") = "SystematicsData.Web.Api.Client", "SystematicsData.Web.Api.Client\SystematicsData.Web.Api.Client.csproj", "{95D506C3-B3FD-4712-98AB-8F75C412BB00}"
EndProject
Project("{9A19103F-16F7-4668-BE54-9A1E7A4F7556}") = "SystematicsData.Models", "SystematicsData.Models\SystematicsData.Models.csproj", "{7572487C-648D-4495-9DB6-DE4985B1ED7A}"
EndProject
Project("{9A19103F-16F7-4668-BE54-9A1E7A4F7556}") = "SystematicsData.Data", "SystematicsData.Data\SystematicsData.Data.csproj", "{2A1ECCDE-1618-44BA-87A3-5D81E977D72F}"
EndProject
Project("{9A19103F-16F7-4668-BE54-9A1E7A4F7556}") = "SystematicsData.Utility", "SystematicsData.Utility\SystematicsData.Utility.csproj", "{FD789B64-0572-492F-9472-800B0C171390}"
EndProject
Project("{9A19103F-16F7-4668-BE54-9A1E7A4F7556}") = "SystematicsData.Uploader", "SystematicsData.Uploader\SystematicsData.Uploader.csproj", "{01FF6345-6F64-44EC-88E8-3E62B2142601}"
EndProject
Project("{9A19103F-16F7-4668-BE54-9A1E7A4F7556}") = "SystematicsData.Harvester.Service", "SystematicsData.Harvester.Service\SystematicsData.Harvester.Service.csproj", "{0ECF167E-C2C3-4827-9E2B-27CE57F2AEFD}"
EndProject
Global
	GlobalSection(SolutionConfigurationPlatforms) = preSolution
		Debug|Any CPU = Debug|Any CPU
		DevTest|Any CPU = DevTest|Any CPU
		Release|Any CPU = Release|Any CPU
		Test|Any CPU = Test|Any CPU
	EndGlobalSection
	GlobalSection(ProjectConfigurationPlatforms) = postSolution
		{1D855A40-D01E-4A61-B3C7-9FEE82277C1D}.Debug|Any CPU.ActiveCfg = Debug|Any CPU
		{1D855A40-D01E-4A61-B3C7-9FEE82277C1D}.Debug|Any CPU.Build.0 = Debug|Any CPU
		{1D855A40-D01E-4A61-B3C7-9FEE82277C1D}.DevTest|Any CPU.ActiveCfg = Debug|Any CPU
		{1D855A40-D01E-4A61-B3C7-9FEE82277C1D}.DevTest|Any CPU.Build.0 = Debug|Any CPU
		{1D855A40-D01E-4A61-B3C7-9FEE82277C1D}.Release|Any CPU.ActiveCfg = Release|Any CPU
		{1D855A40-D01E-4A61-B3C7-9FEE82277C1D}.Release|Any CPU.Build.0 = Release|Any CPU
		{1D855A40-D01E-4A61-B3C7-9FEE82277C1D}.Test|Any CPU.ActiveCfg = Release|Any CPU
		{1D855A40-D01E-4A61-B3C7-9FEE82277C1D}.Test|Any CPU.Build.0 = Release|Any CPU
		{EDC96F5A-FFED-4B81-9672-610CF2FD96F6}.Debug|Any CPU.ActiveCfg = Debug|Any CPU
		{EDC96F5A-FFED-4B81-9672-610CF2FD96F6}.Debug|Any CPU.Build.0 = Debug|Any CPU
		{EDC96F5A-FFED-4B81-9672-610CF2FD96F6}.DevTest|Any CPU.ActiveCfg = Debug|Any CPU
		{EDC96F5A-FFED-4B81-9672-610CF2FD96F6}.DevTest|Any CPU.Build.0 = Debug|Any CPU
		{EDC96F5A-FFED-4B81-9672-610CF2FD96F6}.Release|Any CPU.ActiveCfg = Release|Any CPU
		{EDC96F5A-FFED-4B81-9672-610CF2FD96F6}.Release|Any CPU.Build.0 = Release|Any CPU
		{EDC96F5A-FFED-4B81-9672-610CF2FD96F6}.Test|Any CPU.ActiveCfg = Release|Any CPU
		{EDC96F5A-FFED-4B81-9672-610CF2FD96F6}.Test|Any CPU.Build.0 = Release|Any CPU
		{F963483A-A1A8-4634-BEB9-A17779CB5062}.Debug|Any CPU.ActiveCfg = Debug|Any CPU
		{F963483A-A1A8-4634-BEB9-A17779CB5062}.Debug|Any CPU.Build.0 = Debug|Any CPU
		{F963483A-A1A8-4634-BEB9-A17779CB5062}.DevTest|Any CPU.ActiveCfg = Debug|Any CPU
		{F963483A-A1A8-4634-BEB9-A17779CB5062}.DevTest|Any CPU.Build.0 = Debug|Any CPU
		{F963483A-A1A8-4634-BEB9-A17779CB5062}.Release|Any CPU.ActiveCfg = Release|Any CPU
		{F963483A-A1A8-4634-BEB9-A17779CB5062}.Release|Any CPU.Build.0 = Release|Any CPU
		{F963483A-A1A8-4634-BEB9-A17779CB5062}.Test|Any CPU.ActiveCfg = Release|Any CPU
		{F963483A-A1A8-4634-BEB9-A17779CB5062}.Test|Any CPU.Build.0 = Release|Any CPU
		{3A70D786-422D-4F98-AF98-87A60CB887EB}.Debug|Any CPU.ActiveCfg = Debug|Any CPU
		{3A70D786-422D-4F98-AF98-87A60CB887EB}.Debug|Any CPU.Build.0 = Debug|Any CPU
		{3A70D786-422D-4F98-AF98-87A60CB887EB}.DevTest|Any CPU.ActiveCfg = Debug|Any CPU
		{3A70D786-422D-4F98-AF98-87A60CB887EB}.DevTest|Any CPU.Build.0 = Debug|Any CPU
		{3A70D786-422D-4F98-AF98-87A60CB887EB}.Release|Any CPU.ActiveCfg = Release|Any CPU
		{3A70D786-422D-4F98-AF98-87A60CB887EB}.Release|Any CPU.Build.0 = Release|Any CPU
		{3A70D786-422D-4F98-AF98-87A60CB887EB}.Test|Any CPU.ActiveCfg = Debug|Any CPU
		{3A70D786-422D-4F98-AF98-87A60CB887EB}.Test|Any CPU.Build.0 = Debug|Any CPU
		{95D506C3-B3FD-4712-98AB-8F75C412BB00}.Debug|Any CPU.ActiveCfg = Debug|Any CPU
		{95D506C3-B3FD-4712-98AB-8F75C412BB00}.Debug|Any CPU.Build.0 = Debug|Any CPU
		{95D506C3-B3FD-4712-98AB-8F75C412BB00}.DevTest|Any CPU.ActiveCfg = Debug|Any CPU
		{95D506C3-B3FD-4712-98AB-8F75C412BB00}.DevTest|Any CPU.Build.0 = Debug|Any CPU
		{95D506C3-B3FD-4712-98AB-8F75C412BB00}.Release|Any CPU.ActiveCfg = Release|Any CPU
		{95D506C3-B3FD-4712-98AB-8F75C412BB00}.Release|Any CPU.Build.0 = Release|Any CPU
		{95D506C3-B3FD-4712-98AB-8F75C412BB00}.Test|Any CPU.ActiveCfg = Debug|Any CPU
		{95D506C3-B3FD-4712-98AB-8F75C412BB00}.Test|Any CPU.Build.0 = Debug|Any CPU
		{7572487C-648D-4495-9DB6-DE4985B1ED7A}.Debug|Any CPU.ActiveCfg = Debug|Any CPU
		{7572487C-648D-4495-9DB6-DE4985B1ED7A}.Debug|Any CPU.Build.0 = Debug|Any CPU
		{7572487C-648D-4495-9DB6-DE4985B1ED7A}.DevTest|Any CPU.ActiveCfg = Debug|Any CPU
		{7572487C-648D-4495-9DB6-DE4985B1ED7A}.DevTest|Any CPU.Build.0 = Debug|Any CPU
		{7572487C-648D-4495-9DB6-DE4985B1ED7A}.Release|Any CPU.ActiveCfg = Release|Any CPU
		{7572487C-648D-4495-9DB6-DE4985B1ED7A}.Release|Any CPU.Build.0 = Release|Any CPU
		{7572487C-648D-4495-9DB6-DE4985B1ED7A}.Test|Any CPU.ActiveCfg = Debug|Any CPU
		{7572487C-648D-4495-9DB6-DE4985B1ED7A}.Test|Any CPU.Build.0 = Debug|Any CPU
		{2A1ECCDE-1618-44BA-87A3-5D81E977D72F}.Debug|Any CPU.ActiveCfg = Debug|Any CPU
		{2A1ECCDE-1618-44BA-87A3-5D81E977D72F}.Debug|Any CPU.Build.0 = Debug|Any CPU
		{2A1ECCDE-1618-44BA-87A3-5D81E977D72F}.DevTest|Any CPU.ActiveCfg = Debug|Any CPU
		{2A1ECCDE-1618-44BA-87A3-5D81E977D72F}.DevTest|Any CPU.Build.0 = Debug|Any CPU
		{2A1ECCDE-1618-44BA-87A3-5D81E977D72F}.Release|Any CPU.ActiveCfg = Release|Any CPU
		{2A1ECCDE-1618-44BA-87A3-5D81E977D72F}.Release|Any CPU.Build.0 = Release|Any CPU
		{2A1ECCDE-1618-44BA-87A3-5D81E977D72F}.Test|Any CPU.ActiveCfg = Debug|Any CPU
		{2A1ECCDE-1618-44BA-87A3-5D81E977D72F}.Test|Any CPU.Build.0 = Debug|Any CPU
		{FD789B64-0572-492F-9472-800B0C171390}.Debug|Any CPU.ActiveCfg = Debug|Any CPU
		{FD789B64-0572-492F-9472-800B0C171390}.Debug|Any CPU.Build.0 = Debug|Any CPU
		{FD789B64-0572-492F-9472-800B0C171390}.DevTest|Any CPU.ActiveCfg = Debug|Any CPU
		{FD789B64-0572-492F-9472-800B0C171390}.DevTest|Any CPU.Build.0 = Debug|Any CPU
		{FD789B64-0572-492F-9472-800B0C171390}.Release|Any CPU.ActiveCfg = Release|Any CPU
		{FD789B64-0572-492F-9472-800B0C171390}.Release|Any CPU.Build.0 = Release|Any CPU
		{FD789B64-0572-492F-9472-800B0C171390}.Test|Any CPU.ActiveCfg = Debug|Any CPU
		{FD789B64-0572-492F-9472-800B0C171390}.Test|Any CPU.Build.0 = Debug|Any CPU
		{01FF6345-6F64-44EC-88E8-3E62B2142601}.Debug|Any CPU.ActiveCfg = Debug|Any CPU
		{01FF6345-6F64-44EC-88E8-3E62B2142601}.Debug|Any CPU.Build.0 = Debug|Any CPU
		{01FF6345-6F64-44EC-88E8-3E62B2142601}.DevTest|Any CPU.ActiveCfg = Debug|Any CPU
		{01FF6345-6F64-44EC-88E8-3E62B2142601}.DevTest|Any CPU.Build.0 = Debug|Any CPU
		{01FF6345-6F64-44EC-88E8-3E62B2142601}.Release|Any CPU.ActiveCfg = Release|Any CPU
		{01FF6345-6F64-44EC-88E8-3E62B2142601}.Release|Any CPU.Build.0 = Release|Any CPU
		{01FF6345-6F64-44EC-88E8-3E62B2142601}.Test|Any CPU.ActiveCfg = Debug|Any CPU
		{01FF6345-6F64-44EC-88E8-3E62B2142601}.Test|Any CPU.Build.0 = Debug|Any CPU
		{0ECF167E-C2C3-4827-9E2B-27CE57F2AEFD}.Debug|Any CPU.ActiveCfg = Debug|Any CPU
		{0ECF167E-C2C3-4827-9E2B-27CE57F2AEFD}.Debug|Any CPU.Build.0 = Debug|Any CPU
		{0ECF167E-C2C3-4827-9E2B-27CE57F2AEFD}.DevTest|Any CPU.ActiveCfg = Debug|Any CPU
		{0ECF167E-C2C3-4827-9E2B-27CE57F2AEFD}.DevTest|Any CPU.Build.0 = Debug|Any CPU
		{0ECF167E-C2C3-4827-9E2B-27CE57F2AEFD}.Release|Any CPU.ActiveCfg = Release|Any CPU
		{0ECF167E-C2C3-4827-9E2B-27CE57F2AEFD}.Release|Any CPU.Build.0 = Release|Any CPU
		{0ECF167E-C2C3-4827-9E2B-27CE57F2AEFD}.Test|Any CPU.ActiveCfg = Debug|Any CPU
		{0ECF167E-C2C3-4827-9E2B-27CE57F2AEFD}.Test|Any CPU.Build.0 = Debug|Any CPU
	EndGlobalSection
	GlobalSection(SolutionProperties) = preSolution
		HideSolutionNode = FALSE
	EndGlobalSection
	GlobalSection(ExtensibilityGlobals) = postSolution
		SolutionGuid = {E055094D-2C02-4F1A-8108-72D19EAD3403}
	EndGlobalSection
EndGlobal
