
Microsoft Visual Studio Solution File, Format Version 12.00
# Visual Studio Version 16
VisualStudioVersion = 16.0.29920.165
MinimumVisualStudioVersion = 10.0.40219.1
Project("{9A19103F-16F7-4668-BE54-9A1E7A4F7556}") = "Systematics.Portal.Web", "Systematics.Portal.Web\Systematics.Portal.Web.csproj", "{1D855A40-D01E-4A61-B3C7-9FEE82277C1D}"
EndProject
Project("{FAE04EC0-301F-11D3-BF4B-00C04F79EFBC}") = "Systematics.Portal.Web.Search", "Systematics.Portal.Web.Search\Systematics.Portal.Web.Search.csproj", "{EDC96F5A-FFED-4B81-9672-610CF2FD96F6}"
EndProject
Project("{FAE04EC0-301F-11D3-BF4B-00C04F79EFBC}") = "Systematics.Portal.Web.Search.Tools", "Systematics.Portal.Web.Search.Tools\Systematics.Portal.Web.Search.Tools.csproj", "{F963483A-A1A8-4634-BEB9-A17779CB5062}"
EndProject
Global
	GlobalSection(SolutionConfigurationPlatforms) = preSolution
		Debug|Any CPU = Debug|Any CPU
		DevTest|Any CPU = DevTest|Any CPU
		Release|Any CPU = Release|Any CPU
		Test|Any CPU = Test|Any CPU
	EndGlobalSection
	GlobalSection(ProjectConfigurationPlatforms) = postSolution
		{1D855A40-D01E-4A61-B3C7-9FEE82277C1D}.Debug|Any CPU.ActiveCfg = Debug|Any CPU
		{1D855A40-D01E-4A61-B3C7-9FEE82277C1D}.Debug|Any CPU.Build.0 = Debug|Any CPU
		{1D855A40-D01E-4A61-B3C7-9FEE82277C1D}.DevTest|Any CPU.ActiveCfg = Debug|Any CPU
		{1D855A40-D01E-4A61-B3C7-9FEE82277C1D}.DevTest|Any CPU.Build.0 = Debug|Any CPU
		{1D855A40-D01E-4A61-B3C7-9FEE82277C1D}.Release|Any CPU.ActiveCfg = Release|Any CPU
		{1D855A40-D01E-4A61-B3C7-9FEE82277C1D}.Release|Any CPU.Build.0 = Release|Any CPU
		{EDC96F5A-FFED-4B81-9672-610CF2FD96F6}.Debug|Any CPU.ActiveCfg = Debug|Any CPU
		{EDC96F5A-FFED-4B81-9672-610CF2FD96F6}.Debug|Any CPU.Build.0 = Debug|Any CPU
		{EDC96F5A-FFED-4B81-9672-610CF2FD96F6}.Release|Any CPU.ActiveCfg = Release|Any CPU
		{EDC96F5A-FFED-4B81-9672-610CF2FD96F6}.Release|Any CPU.Build.0 = Release|Any CPU
		{F963483A-A1A8-4634-BEB9-A17779CB5062}.Debug|Any CPU.ActiveCfg = Debug|Any CPU
		{F963483A-A1A8-4634-BEB9-A17779CB5062}.Debug|Any CPU.Build.0 = Debug|Any CPU
		{F963483A-A1A8-4634-BEB9-A17779CB5062}.Release|Any CPU.ActiveCfg = Release|Any CPU
		{F963483A-A1A8-4634-BEB9-A17779CB5062}.Release|Any CPU.Build.0 = Release|Any CPU
	EndGlobalSection
	GlobalSection(SolutionProperties) = preSolution
		HideSolutionNode = FALSE
	EndGlobalSection
	GlobalSection(ExtensibilityGlobals) = postSolution
		SolutionGuid = {E055094D-2C02-4F1A-8108-72D19EAD3403}
	EndGlobalSection
EndGlobal
