
Microsoft Visual Studio Solution File, Format Version 12.00
# Visual Studio Version 16
VisualStudioVersion = 16.0.30011.22
MinimumVisualStudioVersion = 10.0.40219.1
Project("{9A19103F-16F7-4668-BE54-9A1E7A4F7556}") = "SystematicsPortal", "SystematicsPortal.csproj", "{0515DFDF-A206-4E55-B2D5-0AEBE6B6885B}"
EndProject
Global
	GlobalSection(SolutionConfigurationPlatforms) = preSolution
		Debug|Any CPU = Debug|Any CPU
		Release|Any CPU = Release|Any CPU
	EndGlobalSection
	GlobalSection(ProjectConfigurationPlatforms) = postSolution
		{0515DFDF-A206-4E55-B2D5-0AEBE6B6885B}.Debug|Any CPU.ActiveCfg = Debug|Any CPU
		{0515DFDF-A206-4E55-B2D5-0AEBE6B6885B}.Debug|Any CPU.Build.0 = Debug|Any CPU
		{0515DFDF-A206-4E55-B2D5-0AEBE6B6885B}.Release|Any CPU.ActiveCfg = Release|Any CPU
		{0515DFDF-A206-4E55-B2D5-0AEBE6B6885B}.Release|Any CPU.Build.0 = Release|Any CPU
	EndGlobalSection
	GlobalSection(SolutionProperties) = preSolution
		HideSolutionNode = FALSE
	EndGlobalSection
	GlobalSection(ExtensibilityGlobals) = postSolution
		SolutionGuid = {8C4919C5-D0B1-44FE-BEE7-FB23993B1009}
	EndGlobalSection
EndGlobal
